{
  "object": {
    "pins": [
      {
        "package": "Reachability",
        "repositoryURL": "https://github.com/ashleymills/Reachability.swift",
        "state": {
          "branch": null,
          "revision": "c01bbdf2d633cf049ae1ed1a68a2020a8bda32e2",
          "version": "5.1.0"
        }
      },
      {
        "package": "SQLite.swift",
        "repositoryURL": "https://github.com/stephencelis/SQLite.swift.git",
        "state": {
          "branch": null,
          "revision": "7a2e3cd27de56f6d396e84f63beefd0267b55ccb",
          "version": "0.14.1"
        }
      },
      {
        "package": "TOCropViewController",
        "repositoryURL": "https://github.com/TimOliver/TOCropViewController",
        "state": {
          "branch": null,
          "revision": "d0470491f56e734731bbf77991944c0dfdee3e0e",
          "version": "2.6.1"
        }
      }
    ]
  },
  "version": 1
}
